
Microsoft Visual Studio Solution File, Format Version 12.00
# Visual Studio Version 17
VisualStudioVersion = 17.0.32014.148
MinimumVisualStudioVersion = 10.0.40219.1
Project("{FAE04EC0-301F-11D3-BF4B-00C04F79EFBC}") = "ImageToText", "ImageToText.csproj", "{7A4B3E25-FBFE-4264-B9DF-8D837C51E98C}"
EndProject
Project("{54435603-DBB4-11D2-8724-00A0C9A8B90C}") = "Setup", "Setup\Setup.vdproj", "{3717F1BF-8BF6-4426-8064-991507F7932E}"
EndProject
Global
	GlobalSection(SolutionConfigurationPlatforms) = preSolution
		Debug|Any CPU = Debug|Any CPU
		Release|Any CPU = Release|Any CPU
	EndGlobalSection
	GlobalSection(ProjectConfigurationPlatforms) = postSolution
		{7A4B3E25-FBFE-4264-B9DF-8D837C51E98C}.Debug|Any CPU.ActiveCfg = Debug|Any CPU
		{7A4B3E25-FBFE-4264-B9DF-8D837C51E98C}.Debug|Any CPU.Build.0 = Debug|Any CPU
		{7A4B3E25-FBFE-4264-B9DF-8D837C51E98C}.Release|Any CPU.ActiveCfg = Release|Any CPU
		{7A4B3E25-FBFE-4264-B9DF-8D837C51E98C}.Release|Any CPU.Build.0 = Release|Any CPU
		{3717F1BF-8BF6-4426-8064-991507F7932E}.Debug|Any CPU.ActiveCfg = Debug
		{3717F1BF-8BF6-4426-8064-991507F7932E}.Release|Any CPU.ActiveCfg = Release
	EndGlobalSection
	GlobalSection(SolutionProperties) = preSolution
		HideSolutionNode = FALSE
	EndGlobalSection
	GlobalSection(ExtensibilityGlobals) = postSolution
		SolutionGuid = {F47E94E6-C316-4CB5-9C1B-BD834046B933}
	EndGlobalSection
EndGlobal
